version = 1
revision = 3
requires-python = ">=3.11, <3.14"

[[package]]
name = "av"
version = "17.0.0"
source = { registry = "https://pypi.org/simple" }
sdist = { url = "https://files.pythonhosted.org/packages/b2/eb/abca886df3a091bc406feb5ff71b4c4f426beaae6b71b9697264ce8c7211/av-17.0.0.tar.gz", hash = "sha256:c53685df73775a8763c375c7b2d62a6cb149d992a26a4b098204da42ade8c3df", size = 4410769, upload-time = "2026-03-14T14:38:45.868Z" }
wheels = [
    { url = "https://files.pythonhosted.org/packages/b1/fb/55e3b5b5d1fc61466292f26fbcbabafa2642f378dc48875f8f554591e1a4/av-17.0.0-cp311-abi3-macosx_11_0_x86_64.whl", hash = "sha256:ed4013fac77c309a4a68141dcf6148f1821bb1073a36d4289379762a6372f711", size = 23238424, upload-time = "2026-03-14T14:38:05.856Z" },
    { url = "https://files.pythonhosted.org/packages/52/03/9ace1acc08bc9ae38c14bf3a4b1360e995e4d999d1d33c2cbd7c9e77582a/av-17.0.0-cp311-abi3-macosx_14_0_arm64.whl", hash = "sha256:e44b6c83e9f3be9f79ee87d0b77a27cea9a9cd67bd630362c86b7e56a748dfbb", size = 18709043, upload-time = "2026-03-14T14:38:08.288Z" },
    { url = "https://files.pythonhosted.org/packages/00/c0/637721f3cd5bb8bd16105a1a08efd781fc12f449931bdb3a4d0cfd63fa55/av-17.0.0-cp311-abi3-manylinux_2_28_aarch64.whl", hash = "sha256:b440da6ac47da0629d509316f24bcd858f33158dbdd0f1b7293d71e99beb26de", size = 34018780, upload-time = "2026-03-14T14:38:10.45Z" },
    { url = "https://files.pythonhosted.org/packages/d2/59/d19bc3257dd985d55337d7f0414c019414b97e16cd3690ebf9941a847543/av-17.0.0-cp311-abi3-manylinux_2_28_x86_64.whl", hash = "sha256:1060cba85f97f4a337311169d92c0b5e143452cfa5ca0e65fa499d7955e8592e", size = 36358757, upload-time = "2026-03-14T14:38:13.092Z" },
    { url = "https://files.pythonhosted.org/packages/52/6c/a1f4f2677bae6f2ade7a8a18e90ebdcf70690c9b1c4e40e118aa30fa313f/av-17.0.0-cp311-abi3-musllinux_1_2_aarch64.whl", hash = "sha256:deda202e6021cfc7ba3e816897760ec5431309d59a4da1f75df3c0e9413d71e7", size = 35195281, upload-time = "2026-03-14T14:38:15.789Z" },
    { url = "https://files.pythonhosted.org/packages/90/ea/52b0fc6f69432c7bf3f5fbe6f707113650aa40a1a05b9096ffc2bba4f77d/av-17.0.0-cp311-abi3-musllinux_1_2_x86_64.whl", hash = "sha256:ffaf266a1a9c2148072de0a4b5ae98061465178d2cfaa69ee089761149342974", size = 37444817, upload-time = "2026-03-14T14:38:18.563Z" },
    { url = "https://files.pythonhosted.org/packages/34/ad/d2172966282cb8f146c13b6be7416efefde74186460c5e1708ddfc13dba6/av-17.0.0-cp311-abi3-win_amd64.whl", hash = "sha256:45a35a40b2875bf2f98de7c952d74d960f92f319734e6d28e03b4c62a49e6f49", size = 28888553, upload-time = "2026-03-14T14:38:21.223Z" },
    { url = "https://files.pythonhosted.org/packages/b0/bb/c5a4c4172c514d631fb506e6366b503576b8c7f29809cf42aca73e28ff01/av-17.0.0-cp311-abi3-win_arm64.whl", hash = "sha256:3d32e9b5c5bbcb872a0b6917b352a1db8a42142237826c9b49a36d5dbd9e9c26", size = 21916910, upload-time = "2026-03-14T14:38:23.706Z" },
]

[[package]]
name = "fake-video-reconstruction"
version = "0.1.0"
source = { editable = "." }
dependencies = [
    { name = "av" },
    { name = "numpy" },
    { name = "peppygen" },
]

[package.metadata]
requires-dist = [
    { name = "av" },
    { name = "numpy" },
    { name = "peppygen", directory = ".peppy/libs/peppygen" },
]

[package.metadata.requires-dev]
dev = []

[[package]]
name = "numpy"
version = "2.4.3"
source = { registry = "https://pypi.org/simple" }
sdist = { url = "https://files.pythonhosted.org/packages/10/8b/c265f4823726ab832de836cdd184d0986dcf94480f81e8739692a7ac7af2/numpy-2.4.3.tar.gz", hash = "sha256:483a201202b73495f00dbc83796c6ae63137a9bdade074f7648b3e32613412dd", size = 20727743, upload-time = "2026-03-09T07:58:53.426Z" }
wheels = [
    { url = "https://files.pythonhosted.org/packages/f9/51/5093a2df15c4dc19da3f79d1021e891f5dcf1d9d1db6ba38891d5590f3fe/numpy-2.4.3-cp311-cp311-macosx_10_9_x86_64.whl", hash = "sha256:33b3bf58ee84b172c067f56aeadc7ee9ab6de69c5e800ab5b10295d54c581adb", size = 16957183, upload-time = "2026-03-09T07:55:57.774Z" },
    { url = "https://files.pythonhosted.org/packages/b5/7c/c061f3de0630941073d2598dc271ac2f6cbcf5c83c74a5870fea07488333/numpy-2.4.3-cp311-cp311-macosx_11_0_arm64.whl", hash = "sha256:8ba7b51e71c05aa1f9bc3641463cd82308eab40ce0d5c7e1fd4038cbf9938147", size = 14968734, upload-time = "2026-03-09T07:56:00.494Z" },
    { url = "https://files.pythonhosted.org/packages/ef/27/d26c85cbcd86b26e4f125b0668e7a7c0542d19dd7d23ee12e87b550e95b5/numpy-2.4.3-cp311-cp311-macosx_14_0_arm64.whl", hash = "sha256:a1988292870c7cb9d0ebb4cc96b4d447513a9644801de54606dc7aabf2b7d920", size = 5475288, upload-time = "2026-03-09T07:56:02.857Z" },
    { url = "https://files.pythonhosted.org/packages/2b/09/3c4abbc1dcd8010bf1a611d174c7aa689fc505585ec806111b4406f6f1b1/numpy-2.4.3-cp311-cp311-macosx_14_0_x86_64.whl", hash = "sha256:23b46bb6d8ecb68b58c09944483c135ae5f0e9b8d8858ece5e4ead783771d2a9", size = 6805253, upload-time = "2026-03-09T07:56:04.53Z" },
    { url = "https://files.pythonhosted.org/packages/21/bc/e7aa3f6817e40c3f517d407742337cbb8e6fc4b83ce0b55ab780c829243b/numpy-2.4.3-cp311-cp311-manylinux_2_27_aarch64.manylinux_2_28_aarch64.whl", hash = "sha256:a016db5c5dba78fa8fe9f5d80d6708f9c42ab087a739803c0ac83a43d686a470", size = 15969479, upload-time = "2026-03-09T07:56:06.638Z" },
    { url = "https://files.pythonhosted.org/packages/78/51/9f5d7a41f0b51649ddf2f2320595e15e122a40610b233d51928dd6c92353/numpy-2.4.3-cp311-cp311-manylinux_2_27_x86_64.manylinux_2_28_x86_64.whl", hash = "sha256:715de7f82e192e8cae5a507a347d97ad17598f8e026152ca97233e3666daaa71", size = 16901035, upload-time = "2026-03-09T07:56:09.405Z" },
    { url = "https://files.pythonhosted.org/packages/64/6e/b221dd847d7181bc5ee4857bfb026182ef69499f9305eb1371cbb1aea626/numpy-2.4.3-cp311-cp311-musllinux_1_2_aarch64.whl", hash = "sha256:2ddb7919366ee468342b91dea2352824c25b55814a987847b6c52003a7c97f15", size = 17325657, upload-time = "2026-03-09T07:56:12.067Z" },
    { url = "https://files.pythonhosted.org/packages/eb/b8/8f3fd2da596e1063964b758b5e3c970aed1949a05200d7e3d46a9d46d643/numpy-2.4.3-cp311-cp311-musllinux_1_2_x86_64.whl", hash = "sha256:a315e5234d88067f2d97e1f2ef670a7569df445d55400f1e33d117418d008d52", size = 18635512, upload-time = "2026-03-09T07:56:14.629Z" },
    { url = "https://files.pythonhosted.org/packages/5c/24/2993b775c37e39d2f8ab4125b44337ab0b2ba106c100980b7c274a22bee7/numpy-2.4.3-cp311-cp311-win32.whl", hash = "sha256:2b3f8d2c4589b1a2028d2a770b0fc4d1f332fb5e01521f4de3199a896d158ddd", size = 6238100, upload-time = "2026-03-09T07:56:17.243Z" },
    { url = "https://files.pythonhosted.org/packages/76/1d/edccf27adedb754db7c4511d5eac8b83f004ae948fe2d3509e8b78097d4c/numpy-2.4.3-cp311-cp311-win_amd64.whl", hash = "sha256:77e76d932c49a75617c6d13464e41203cd410956614d0a0e999b25e9e8d27eec", size = 12609816, upload-time = "2026-03-09T07:56:19.089Z" },
    { url = "https://files.pythonhosted.org/packages/92/82/190b99153480076c8dce85f4cfe7d53ea84444145ffa54cb58dcd460d66b/numpy-2.4.3-cp311-cp311-win_arm64.whl", hash = "sha256:eb610595dd91560905c132c709412b512135a60f1851ccbd2c959e136431ff67", size = 10485757, upload-time = "2026-03-09T07:56:21.753Z" },
    { url = "https://files.pythonhosted.org/packages/a9/ed/6388632536f9788cea23a3a1b629f25b43eaacd7d7377e5d6bc7b9deb69b/numpy-2.4.3-cp312-cp312-macosx_10_13_x86_64.whl", hash = "sha256:61b0cbabbb6126c8df63b9a3a0c4b1f44ebca5e12ff6997b80fcf267fb3150ef", size = 16669628, upload-time = "2026-03-09T07:56:24.252Z" },
    { url = "https://files.pythonhosted.org/packages/74/1b/ee2abfc68e1ce728b2958b6ba831d65c62e1b13ce3017c13943f8f9b5b2e/numpy-2.4.3-cp312-cp312-macosx_11_0_arm64.whl", hash = "sha256:7395e69ff32526710748f92cd8c9849b361830968ea3e24a676f272653e8983e", size = 14696872, upload-time = "2026-03-09T07:56:26.991Z" },
    { url = "https://files.pythonhosted.org/packages/ba/d1/780400e915ff5638166f11ca9dc2c5815189f3d7cf6f8759a1685e586413/numpy-2.4.3-cp312-cp312-macosx_14_0_arm64.whl", hash = "sha256:abdce0f71dcb4a00e4e77f3faf05e4616ceccfe72ccaa07f47ee79cda3b7b0f4", size = 5203489, upload-time = "2026-03-09T07:56:29.414Z" },
    { url = "https://files.pythonhosted.org/packages/0b/bb/baffa907e9da4cc34a6e556d6d90e032f6d7a75ea47968ea92b4858826c4/numpy-2.4.3-cp312-cp312-macosx_14_0_x86_64.whl", hash = "sha256:48da3a4ee1336454b07497ff7ec83903efa5505792c4e6d9bf83d99dc07a1e18", size = 6550814, upload-time = "2026-03-09T07:56:32.225Z" },
    { url = "https://files.pythonhosted.org/packages/7b/12/8c9f0c6c95f76aeb20fc4a699c33e9f827fa0d0f857747c73bb7b17af945/numpy-2.4.3-cp312-cp312-manylinux_2_27_aarch64.manylinux_2_28_aarch64.whl", hash = "sha256:32e3bef222ad6b052280311d1d60db8e259e4947052c3ae7dd6817451fc8a4c5", size = 15666601, upload-time = "2026-03-09T07:56:34.461Z" },
    { url = "https://files.pythonhosted.org/packages/bd/79/cc665495e4d57d0aa6fbcc0aa57aa82671dfc78fbf95fe733ed86d98f52a/numpy-2.4.3-cp312-cp312-manylinux_2_27_x86_64.manylinux_2_28_x86_64.whl", hash = "sha256:e7dd01a46700b1967487141a66ac1a3cf0dd8ebf1f08db37d46389401512ca97", size = 16621358, upload-time = "2026-03-09T07:56:36.852Z" },
    { url = "https://files.pythonhosted.org/packages/a8/40/b4ecb7224af1065c3539f5ecfff879d090de09608ad1008f02c05c770cb3/numpy-2.4.3-cp312-cp312-musllinux_1_2_aarch64.whl", hash = "sha256:76f0f283506c28b12bba319c0fab98217e9f9b54e6160e9c79e9f7348ba32e9c", size = 17016135, upload-time = "2026-03-09T07:56:39.337Z" },
    { url = "https://files.pythonhosted.org/packages/f7/b1/6a88e888052eed951afed7a142dcdf3b149a030ca59b4c71eef085858e43/numpy-2.4.3-cp312-cp312-musllinux_1_2_x86_64.whl", hash = "sha256:737f630a337364665aba3b5a77e56a68cc42d350edd010c345d65a3efa3addcc", size = 18345816, upload-time = "2026-03-09T07:56:42.31Z" },
    { url = "https://files.pythonhosted.org/packages/f3/8f/103a60c5f8c3d7fc678c19cd7b2476110da689ccb80bc18050efbaeae183/numpy-2.4.3-cp312-cp312-win32.whl", hash = "sha256:26952e18d82a1dbbc2f008d402021baa8d6fc8e84347a2072a25e08b46d698b9", size = 5960132, upload-time = "2026-03-09T07:56:44.851Z" },
    { url = "https://files.pythonhosted.org/packages/d7/7c/f5ee1bf6ed888494978046a809df2882aad35d414b622893322df7286879/numpy-2.4.3-cp312-cp312-win_amd64.whl", hash = "sha256:65f3c2455188f09678355f5cae1f959a06b778bc66d535da07bf2ef20cd319d5", size = 12316144, upload-time = "2026-03-09T07:56:47.057Z" },
    { url = "https://files.pythonhosted.org/packages/71/46/8d1cb3f7a00f2fb6394140e7e6623696e54c6318a9d9691bb4904672cf42/numpy-2.4.3-cp312-cp312-win_arm64.whl", hash = "sha256:2abad5c7fef172b3377502bde47892439bae394a71bc329f31df0fd829b41a9e", size = 10220364, upload-time = "2026-03-09T07:56:49.849Z" },
    { url = "https://files.pythonhosted.org/packages/b6/d0/1fe47a98ce0df229238b77611340aff92d52691bcbc10583303181abf7fc/numpy-2.4.3-cp313-cp313-macosx_10_13_x86_64.whl", hash = "sha256:b346845443716c8e542d54112966383b448f4a3ba5c66409771b8c0889485dd3", size = 16665297, upload-time = "2026-03-09T07:56:52.296Z" },
    { url = "https://files.pythonhosted.org/packages/27/d9/4e7c3f0e68dfa91f21c6fb6cf839bc829ec920688b1ce7ec722b1a6202fb/numpy-2.4.3-cp313-cp313-macosx_11_0_arm64.whl", hash = "sha256:2629289168f4897a3c4e23dc98d6f1731f0fc0fe52fb9db19f974041e4cc12b9", size = 14691853, upload-time = "2026-03-09T07:56:54.992Z" },
    { url = "https://files.pythonhosted.org/packages/3a/66/bd096b13a87549683812b53ab211e6d413497f84e794fb3c39191948da97/numpy-2.4.3-cp313-cp313-macosx_14_0_arm64.whl", hash = "sha256:bb2e3cf95854233799013779216c57e153c1ee67a0bf92138acca0e429aefaee", size = 5198435, upload-time = "2026-03-09T07:56:57.184Z" },
    { url = "https://files.pythonhosted.org/packages/a2/2f/687722910b5a5601de2135c891108f51dfc873d8e43c8ed9f4ebb440b4a2/numpy-2.4.3-cp313-cp313-macosx_14_0_x86_64.whl", hash = "sha256:7f3408ff897f8ab07a07fbe2823d7aee6ff644c097cc1f90382511fe982f647f", size = 6546347, upload-time = "2026-03-09T07:56:59.531Z" },
    { url = "https://files.pythonhosted.org/packages/bf/ec/7971c4e98d86c564750393fab8d7d83d0a9432a9d78bb8a163a6dc59967a/numpy-2.4.3-cp313-cp313-manylinux_2_27_aarch64.manylinux_2_28_aarch64.whl", hash = "sha256:decb0eb8a53c3b009b0962378065589685d66b23467ef5dac16cbe818afde27f", size = 15664626, upload-time = "2026-03-09T07:57:01.385Z" },
    { url = "https://files.pythonhosted.org/packages/7e/eb/7daecbea84ec935b7fc732e18f532073064a3816f0932a40a17f3349185f/numpy-2.4.3-cp313-cp313-manylinux_2_27_x86_64.manylinux_2_28_x86_64.whl", hash = "sha256:d5f51900414fc9204a0e0da158ba2ac52b75656e7dce7e77fb9f84bfa343b4cc", size = 16608916, upload-time = "2026-03-09T07:57:04.008Z" },
    { url = "https://files.pythonhosted.org/packages/df/58/2a2b4a817ffd7472dca4421d9f0776898b364154e30c95f42195041dc03b/numpy-2.4.3-cp313-cp313-musllinux_1_2_aarch64.whl", hash = "sha256:6bd06731541f89cdc01b261ba2c9e037f1543df7472517836b78dfb15bd6e476", size = 17015824, upload-time = "2026-03-09T07:57:06.347Z" },
    { url = "https://files.pythonhosted.org/packages/4a/ca/627a828d44e78a418c55f82dd4caea8ea4a8ef24e5144d9e71016e52fb40/numpy-2.4.3-cp313-cp313-musllinux_1_2_x86_64.whl", hash = "sha256:22654fe6be0e5206f553a9250762c653d3698e46686eee53b399ab90da59bd92", size = 18334581, upload-time = "2026-03-09T07:57:09.114Z" },
    { url = "https://files.pythonhosted.org/packages/cd/c0/76f93962fc79955fcba30a429b62304332345f22d4daec1cb33653425643/numpy-2.4.3-cp313-cp313-win32.whl", hash = "sha256:d71e379452a2f670ccb689ec801b1218cd3983e253105d6e83780967e899d687", size = 5958618, upload-time = "2026-03-09T07:57:11.432Z" },
    { url = "https://files.pythonhosted.org/packages/b1/3c/88af0040119209b9b5cb59485fa48b76f372c73068dbf9254784b975ac53/numpy-2.4.3-cp313-cp313-win_amd64.whl", hash = "sha256:0a60e17a14d640f49146cb38e3f105f571318db7826d9b6fef7e4dce758faecd", size = 12312824, upload-time = "2026-03-09T07:57:13.586Z" },
    { url = "https://files.pythonhosted.org/packages/58/ce/3d07743aced3d173f877c3ef6a454c2174ba42b584ab0b7e6d99374f51ed/numpy-2.4.3-cp313-cp313-win_arm64.whl", hash = "sha256:c9619741e9da2059cd9c3f206110b97583c7152c1dc9f8aafd4beb450ac1c89d", size = 10221218, upload-time = "2026-03-09T07:57:16.183Z" },
    { url = "https://files.pythonhosted.org/packages/62/09/d96b02a91d09e9d97862f4fc8bfebf5400f567d8eb1fe4b0cc4795679c15/numpy-2.4.3-cp313-cp313t-macosx_11_0_arm64.whl", hash = "sha256:7aa4e54f6469300ebca1d9eb80acd5253cdfa36f2c03d79a35883687da430875", size = 14819570, upload-time = "2026-03-09T07:57:18.564Z" },
    { url = "https://files.pythonhosted.org/packages/b5/ca/0b1aba3905fdfa3373d523b2b15b19029f4f3031c87f4066bd9d20ef6c6b/numpy-2.4.3-cp313-cp313t-macosx_14_0_arm64.whl", hash = "sha256:d1b90d840b25874cf5cd20c219af10bac3667db3876d9a495609273ebe679070", size = 5326113, upload-time = "2026-03-09T07:57:21.052Z" },
    { url = "https://files.pythonhosted.org/packages/c0/63/406e0fd32fcaeb94180fd6a4c41e55736d676c54346b7efbce548b94a914/numpy-2.4.3-cp313-cp313t-macosx_14_0_x86_64.whl", hash = "sha256:a749547700de0a20a6718293396ec237bb38218049cfce788e08fcb716e8cf73", size = 6646370, upload-time = "2026-03-09T07:57:22.804Z" },
    { url = "https://files.pythonhosted.org/packages/b6/d0/10f7dc157d4b37af92720a196be6f54f889e90dcd30dce9dc657ed92c257/numpy-2.4.3-cp313-cp313t-manylinux_2_27_aarch64.manylinux_2_28_aarch64.whl", hash = "sha256:94f3c4a151a2e529adf49c1d54f0f57ff8f9b233ee4d44af623a81553ab86368", size = 15723499, upload-time = "2026-03-09T07:57:24.693Z" },
    { url = "https://files.pythonhosted.org/packages/66/f1/d1c2bf1161396629701bc284d958dc1efa3a5a542aab83cf11ee6eb4cba5/numpy-2.4.3-cp313-cp313t-manylinux_2_27_x86_64.manylinux_2_28_x86_64.whl", hash = "sha256:22c31dc07025123aedf7f2db9e91783df13f1776dc52c6b22c620870dc0fab22", size = 16657164, upload-time = "2026-03-09T07:57:27.676Z" },
    { url = "https://files.pythonhosted.org/packages/1a/be/cca19230b740af199ac47331a21c71e7a3d0ba59661350483c1600d28c37/numpy-2.4.3-cp313-cp313t-musllinux_1_2_aarch64.whl", hash = "sha256:148d59127ac95979d6f07e4d460f934ebdd6eed641db9c0db6c73026f2b2101a", size = 17081544, upload-time = "2026-03-09T07:57:30.664Z" },
    { url = "https://files.pythonhosted.org/packages/b9/c5/9602b0cbb703a0936fb40f8a95407e8171935b15846de2f0776e08af04c7/numpy-2.4.3-cp313-cp313t-musllinux_1_2_x86_64.whl", hash = "sha256:a97cbf7e905c435865c2d939af3d93f99d18eaaa3cabe4256f4304fb51604349", size = 18380290, upload-time = "2026-03-09T07:57:33.763Z" },
    { url = "https://files.pythonhosted.org/packages/ed/81/9f24708953cd30be9ee36ec4778f4b112b45165812f2ada4cc5ea1c1f254/numpy-2.4.3-cp313-cp313t-win32.whl", hash = "sha256:be3b8487d725a77acccc9924f65fd8bce9af7fac8c9820df1049424a2115af6c", size = 6082814, upload-time = "2026-03-09T07:57:36.491Z" },
    { url = "https://files.pythonhosted.org/packages/e2/9e/52f6eaa13e1a799f0ab79066c17f7016a4a8ae0c1aefa58c82b4dab690b4/numpy-2.4.3-cp313-cp313t-win_amd64.whl", hash = "sha256:1ec84fd7c8e652b0f4aaaf2e6e9cc8eaa9b1b80a537e06b2e3a2fb176eedcb26", size = 12452673, upload-time = "2026-03-09T07:57:38.281Z" },
    { url = "https://files.pythonhosted.org/packages/c4/04/b8cece6ead0b30c9fbd99bb835ad7ea0112ac5f39f069788c5558e3b1ab2/numpy-2.4.3-cp313-cp313t-win_arm64.whl", hash = "sha256:120df8c0a81ebbf5b9020c91439fccd85f5e018a927a39f624845be194a2be02", size = 10290907, upload-time = "2026-03-09T07:57:40.747Z" },
    { url = "https://files.pythonhosted.org/packages/64/e4/4dab9fb43c83719c29241c535d9e07be73bea4bc0c6686c5816d8e1b6689/numpy-2.4.3-pp311-pypy311_pp73-macosx_10_15_x86_64.whl", hash = "sha256:c6b124bfcafb9e8d3ed09130dbee44848c20b3e758b6bbf006e641778927c028", size = 16834892, upload-time = "2026-03-09T07:58:35.334Z" },
    { url = "https://files.pythonhosted.org/packages/c9/29/f8b6d4af90fed3dfda84ebc0df06c9833d38880c79ce954e5b661758aa31/numpy-2.4.3-pp311-pypy311_pp73-macosx_11_0_arm64.whl", hash = "sha256:76dbb9d4e43c16cf9aa711fcd8de1e2eeb27539dcefb60a1d5e9f12fae1d1ed8", size = 14893070, upload-time = "2026-03-09T07:58:37.7Z" },
    { url = "https://files.pythonhosted.org/packages/9a/04/a19b3c91dbec0a49269407f15d5753673a09832daed40c45e8150e6fa558/numpy-2.4.3-pp311-pypy311_pp73-macosx_14_0_arm64.whl", hash = "sha256:29363fbfa6f8ee855d7569c96ce524845e3d726d6c19b29eceec7dd555dab152", size = 5399609, upload-time = "2026-03-09T07:58:39.853Z" },
    { url = "https://files.pythonhosted.org/packages/79/34/4d73603f5420eab89ea8a67097b31364bf7c30f811d4dd84b1659c7476d9/numpy-2.4.3-pp311-pypy311_pp73-macosx_14_0_x86_64.whl", hash = "sha256:bc71942c789ef415a37f0d4eab90341425a00d538cd0642445d30b41023d3395", size = 6714355, upload-time = "2026-03-09T07:58:42.365Z" },
    { url = "https://files.pythonhosted.org/packages/58/ad/1100d7229bb248394939a12a8074d485b655e8ed44207d328fdd7fcebc7b/numpy-2.4.3-pp311-pypy311_pp73-manylinux_2_27_aarch64.manylinux_2_28_aarch64.whl", hash = "sha256:7e58765ad74dcebd3ef0208a5078fba32dc8ec3578fe84a604432950cd043d79", size = 15800434, upload-time = "2026-03-09T07:58:44.837Z" },
    { url = "https://files.pythonhosted.org/packages/0c/fd/16d710c085d28ba4feaf29ac60c936c9d662e390344f94a6beaa2ac9899b/numpy-2.4.3-pp311-pypy311_pp73-manylinux_2_27_x86_64.manylinux_2_28_x86_64.whl", hash = "sha256:8e236dbda4e1d319d681afcbb136c0c4a8e0f1a5c58ceec2adebb547357fe857", size = 16729409, upload-time = "2026-03-09T07:58:47.972Z" },
    { url = "https://files.pythonhosted.org/packages/57/a7/b35835e278c18b85206834b3aa3abe68e77a98769c59233d1f6300284781/numpy-2.4.3-pp311-pypy311_pp73-win_amd64.whl", hash = "sha256:4b42639cdde6d24e732ff823a3fa5b701d8acad89c4142bc1d0bd6dc85200ba5", size = 12504685, upload-time = "2026-03-09T07:58:50.525Z" },
]

[[package]]
name = "peppygen"
version = "0.1.0"
source = { directory = ".peppy/libs/peppygen" }
dependencies = [
    { name = "pycapnp" },
]

[package.metadata]
requires-dist = [{ name = "pycapnp" }]

[[package]]
name = "pycapnp"
version = "2.2.2"
source = { registry = "https://pypi.org/simple" }
sdist = { url = "https://files.pythonhosted.org/packages/85/7b/b2f356bc24220068beffc03e94062e8059a1383addb837303794398aec36/pycapnp-2.2.2.tar.gz", hash = "sha256:7f6c23c2283173a3cb6f1a5086dd0114779d508a7cd1b138d25a6357857d02b6", size = 730142, upload-time = "2026-01-21T01:22:13.73Z" }
wheels = [
    { url = "https://files.pythonhosted.org/packages/ce/2c/65e0efb7d3d3f8bff7e55fb32ce74da008b7f5c2700b8f50e5ee69fc228d/pycapnp-2.2.2-cp311-cp311-macosx_10_9_x86_64.whl", hash = "sha256:3b49906285d5fdd91b352329eaa33ec54162053a0fae5467389f3762a6c27e09", size = 1614876, upload-time = "2026-01-21T01:20:04.32Z" },
    { url = "https://files.pythonhosted.org/packages/2e/4d/87e7b0050317c9152a6ed4162f6159377d683163432acdbaa39d90e5081b/pycapnp-2.2.2-cp311-cp311-macosx_11_0_arm64.whl", hash = "sha256:a603298b27356cb1766b4c965964a90a1af98b97c7513a369ed483bb267dfd83", size = 1489709, upload-time = "2026-01-21T01:20:05.574Z" },
    { url = "https://files.pythonhosted.org/packages/30/22/09477810aee36e435717994a8788c0b11430159a0f5ada8de1cb4f4c3cda/pycapnp-2.2.2-cp311-cp311-manylinux_2_28_aarch64.whl", hash = "sha256:c858cd32f9b940bd5412e8a992f5b3983010611ad03f2a548f39b50aa5c60e76", size = 5259323, upload-time = "2026-01-21T01:20:07.533Z" },
    { url = "https://files.pythonhosted.org/packages/fd/d5/aae7616c24c7a36e740ca8f1c7b0751cf048ff6a27b2391e0a768141451d/pycapnp-2.2.2-cp311-cp311-manylinux_2_28_i686.whl", hash = "sha256:7fc395295229817b7436702cd3aaaf50a8587a9842b0616d683504f81166c3b0", size = 5318216, upload-time = "2026-01-21T01:20:09.194Z" },
    { url = "https://files.pythonhosted.org/packages/7a/ca/0e115255dbf177bb7a6a5c2388c8b5888b590149c79dd34a96c0f1eeac3c/pycapnp-2.2.2-cp311-cp311-manylinux_2_28_ppc64le.whl", hash = "sha256:3c64660d72dda255d597151024105318f931404c1f5d8e38d32bd03a5a1cbc5b", size = 5731883, upload-time = "2026-01-21T01:20:11.315Z" },
    { url = "https://files.pythonhosted.org/packages/42/00/19273a09dc4d63c3001035b449f3eb3e3f06331f3839a1e39c85cc68f080/pycapnp-2.2.2-cp311-cp311-manylinux_2_28_s390x.whl", hash = "sha256:0023a873567d1cb2c11de599a3d3a49810bfbbe1eacc66001ff61140a0b57040", size = 5751518, upload-time = "2026-01-21T01:20:12.913Z" },
    { url = "https://files.pythonhosted.org/packages/f2/93/6db5789b57dadfd1dc621d7db1c062c456d6a6817b19efa91af54715f845/pycapnp-2.2.2-cp311-cp311-manylinux_2_28_x86_64.whl", hash = "sha256:2905d571800c8871b14bba31effc80383d321eaced37506ce050521c5962eb61", size = 5436583, upload-time = "2026-01-21T01:20:14.961Z" },
    { url = "https://files.pythonhosted.org/packages/f2/74/02872a27f1ebc410c78a93023349d76200919db60e2397d460021f79fe6a/pycapnp-2.2.2-cp311-cp311-musllinux_1_2_aarch64.whl", hash = "sha256:f731680b232235038f4d7390c2e6d6f1dc03d42d0e2c12f72e99e666cefdff01", size = 6146136, upload-time = "2026-01-21T01:20:16.685Z" },
    { url = "https://files.pythonhosted.org/packages/16/35/7df523707e5080cf3f28a39e029ce7d41feaa0097fb16ba58ec229aadce2/pycapnp-2.2.2-cp311-cp311-musllinux_1_2_i686.whl", hash = "sha256:6eed184d6e7e8d2ed7ef3ffd35fc2a6616835342ca99457845945dbe088b8874", size = 6459689, upload-time = "2026-01-21T01:20:18.492Z" },
    { url = "https://files.pythonhosted.org/packages/c7/4e/26b6c9c5fa210748288338a53feaaa4e1cf466f38b0f28b0385289036179/pycapnp-2.2.2-cp311-cp311-musllinux_1_2_ppc64le.whl", hash = "sha256:2e7b6b2339e394cd7aed712d01303313a5e50259d68003ed63b50bf73ba382d5", size = 6659002, upload-time = "2026-01-21T01:20:20.371Z" },
    { url = "https://files.pythonhosted.org/packages/da/33/c1f6415db40cb997d0b501ea0e9b98c8cca67d20dee75024514454714fdd/pycapnp-2.2.2-cp311-cp311-musllinux_1_2_s390x.whl", hash = "sha256:19a58b202a306c8a5b1ceb939bd1b6521061d161cf7c19fde3fcedc4db6e20dd", size = 6673137, upload-time = "2026-01-21T01:20:22.047Z" },
    { url = "https://files.pythonhosted.org/packages/8d/37/abb9037f22df289bcf1a7c25db36fb28ad82df3a7ddbaef5140953218bc6/pycapnp-2.2.2-cp311-cp311-musllinux_1_2_x86_64.whl", hash = "sha256:973d132853433054739646958719301bb925621c2649e8dbcee0d7e9aaffa926", size = 6405879, upload-time = "2026-01-21T01:20:23.676Z" },
    { url = "https://files.pythonhosted.org/packages/04/b7/e256add75663db169170257717943edc4beb3627a51d0b8ae6619a4f2f18/pycapnp-2.2.2-cp311-cp311-win32.whl", hash = "sha256:b2df0674a4edcbf89829e3537815c760b95fae2e37ec0a14af37dda05d62d062", size = 1061803, upload-time = "2026-01-21T01:20:25.134Z" },
    { url = "https://files.pythonhosted.org/packages/1c/64/f7c31fbead4a05340deabf8d4a5f541e8c3f00f63dbe79b31525bc108e40/pycapnp-2.2.2-cp311-cp311-win_amd64.whl", hash = "sha256:a662c8bcc27f00ab86a78d377d01e42a61b510d0e33399267fef7639d020c71f", size = 1217362, upload-time = "2026-01-21T01:20:28.205Z" },
    { url = "https://files.pythonhosted.org/packages/8a/76/f8f81d32ddf950e934ec144facbc112e5acbef31a63ba5be0c5f34a00fd5/pycapnp-2.2.2-cp312-cp312-macosx_10_13_x86_64.whl", hash = "sha256:8b86cb8ea5b8011b562c4e022325a826a62f91196ceb5aa33a766c0bea0b8fd3", size = 1605194, upload-time = "2026-01-21T01:20:29.604Z" },
    { url = "https://files.pythonhosted.org/packages/50/dd/a31be782d56a8648fef899f39aeeab867cf544a6b170871e3f4cbfc58af6/pycapnp-2.2.2-cp312-cp312-macosx_11_0_arm64.whl", hash = "sha256:2353531cfa669e3eeb99be9f993573341650276abec46676d687cc12b3e6b6d9", size = 1486613, upload-time = "2026-01-21T01:20:31.415Z" },
    { url = "https://files.pythonhosted.org/packages/aa/bf/8da830dda94eb7327c6508d6c26fbd964897d742f8c1c0ec48623f0c515b/pycapnp-2.2.2-cp312-cp312-manylinux_2_28_aarch64.whl", hash = "sha256:ee27bdc78c7ccd8eaa0fe31e09f0ec4ef31deda3f475fc9373bb4b0de8083053", size = 5186701, upload-time = "2026-01-21T01:20:32.836Z" },
    { url = "https://files.pythonhosted.org/packages/8d/a1/13d0baa2f337f4f6fe8c2142646ba437a26b9c433f5d7ce016a912bad052/pycapnp-2.2.2-cp312-cp312-manylinux_2_28_i686.whl", hash = "sha256:a8ded808911d1d7a9a2197626c09eea6e269e74dc1276760789538b1efcf6cd5", size = 5239464, upload-time = "2026-01-21T01:20:34.793Z" },
    { url = "https://files.pythonhosted.org/packages/82/76/0451c64b5f0132e4b75a0afe8cec957c8bf8fa981264a7c0b264cb94663e/pycapnp-2.2.2-cp312-cp312-manylinux_2_28_ppc64le.whl", hash = "sha256:59e92e1db40041d82a95eab0bd8de2676ce50c6b97c1457e2edde4d134b6d046", size = 5542887, upload-time = "2026-01-21T01:20:36.463Z" },
    { url = "https://files.pythonhosted.org/packages/04/00/d025d68d9a5330d55cbe2d018091cacfef0835c3ad422eb6778c4525041f/pycapnp-2.2.2-cp312-cp312-manylinux_2_28_s390x.whl", hash = "sha256:ee1e9ac2f0b80fa892b922b60e36efc925d072ecf1204ba3e59d8d9ac7c3dc83", size = 5659696, upload-time = "2026-01-21T01:20:38.069Z" },
    { url = "https://files.pythonhosted.org/packages/58/b7/28f7c539a5f4cbaa12e55ec27d081d11473464230f2e801e4714606d3453/pycapnp-2.2.2-cp312-cp312-manylinux_2_28_x86_64.whl", hash = "sha256:53273b385be78ed8ac997ff8697f2a4c760e93c190b509822a937de5531f4861", size = 5413827, upload-time = "2026-01-21T01:20:39.781Z" },
    { url = "https://files.pythonhosted.org/packages/3c/a7/83bc13d90675f0cee8a38d4ad8401bb2f8662c543b3a6622aeffb7b56b1e/pycapnp-2.2.2-cp312-cp312-musllinux_1_2_aarch64.whl", hash = "sha256:812cbdd002bc542b63f969b85c6b9041dfdaf4185613635a6d4feea84c9092fa", size = 6046815, upload-time = "2026-01-21T01:20:42.172Z" },
    { url = "https://files.pythonhosted.org/packages/0d/8a/80f46baa1684bbcc4754ce22c5a44693a1209a64de6df2b256b85b8b8a97/pycapnp-2.2.2-cp312-cp312-musllinux_1_2_i686.whl", hash = "sha256:9c330218a44bd649b96f565dbf5326d183fdd20f9887bdedfeabd73f0366c2e1", size = 6367625, upload-time = "2026-01-21T01:20:44.004Z" },
    { url = "https://files.pythonhosted.org/packages/02/00/60e82eaf6b4e78d887157bf9f18234c852771cc575355e63d1114c4a5d79/pycapnp-2.2.2-cp312-cp312-musllinux_1_2_ppc64le.whl", hash = "sha256:796aa0ba18bcd4e6b2815471bbed059ad7ee8a815a30e81ac8a9aa030ec7818d", size = 6487265, upload-time = "2026-01-21T01:20:46.137Z" },
    { url = "https://files.pythonhosted.org/packages/57/6e/2dedd8f95dc22357c50a775ee2b8711b3d711f30344d244141e0e1962c3e/pycapnp-2.2.2-cp312-cp312-musllinux_1_2_s390x.whl", hash = "sha256:251a6abdd64b9b11d2a8e16fc365b922ef6ba6c968959b72a3a3d9d8ec8cc8d7", size = 6576699, upload-time = "2026-01-21T01:20:47.987Z" },
    { url = "https://files.pythonhosted.org/packages/2f/53/f7f69ed1d11ea30ea4f0f6d8319fbc18bc8781c480c118005e0a394492a7/pycapnp-2.2.2-cp312-cp312-musllinux_1_2_x86_64.whl", hash = "sha256:6aab811e0fcc27ae8bf5f04dedaa7e0af47e0d4db51d9c85ab0d2dad26a46bd7", size = 6344114, upload-time = "2026-01-21T01:20:50.367Z" },
    { url = "https://files.pythonhosted.org/packages/ab/78/ab78ee42797ff44c7e1fc0d1aa9396c6742cb05ff01a7cdf9c8f19e0defe/pycapnp-2.2.2-cp312-cp312-win32.whl", hash = "sha256:5061c85dd8f843b2656720ca6976d2a9b418845580c6f6d9602f7119fc2208d5", size = 1047207, upload-time = "2026-01-21T01:20:51.842Z" },
    { url = "https://files.pythonhosted.org/packages/4c/fb/6edf56d5144c476270fa8b2e6a660ef5a188fb0097193e342618fbcb0210/pycapnp-2.2.2-cp312-cp312-win_amd64.whl", hash = "sha256:700eb8c77405222903af3fb5a371c0d766f86139c3d51f4bff41ccd6403b51f9", size = 1185178, upload-time = "2026-01-21T01:20:53.429Z" },
    { url = "https://files.pythonhosted.org/packages/ba/70/376c3f1be4ba453584bc96a9e6a7372486ce920cb9c0869c06066e77d626/pycapnp-2.2.2-cp313-cp313-macosx_10_13_x86_64.whl", hash = "sha256:90138fceca1e85ea3eaa0de6656e33c4bef1c8da3c191db0a5b5bacc969f7889", size = 1603886, upload-time = "2026-01-21T01:20:55.383Z" },
    { url = "https://files.pythonhosted.org/packages/b6/11/2728b563f3f25d826024136cd3aab39f5d1727195de5c90a2ba3d232e897/pycapnp-2.2.2-cp313-cp313-macosx_11_0_arm64.whl", hash = "sha256:cd0549036bfddb003f8e371c3c4ed3f56ac847953eb57cdd371100bb52afa64e", size = 1485731, upload-time = "2026-01-21T01:20:57.587Z" },
    { url = "https://files.pythonhosted.org/packages/77/1b/ab9bb376e7314b92dde24843fcf3d6459f10e48d95eb54d25912f973f5d7/pycapnp-2.2.2-cp313-cp313-manylinux_2_28_aarch64.whl", hash = "sha256:7c5a8f6d96017a7bb7e202fa8920fcdad119deab0d761f9aca1e6a4755376cef", size = 5209046, upload-time = "2026-01-21T01:20:59.049Z" },
    { url = "https://files.pythonhosted.org/packages/5f/62/303548df0316740caad513e4b81b18b2db1990785f3f01c36fd19889e7d4/pycapnp-2.2.2-cp313-cp313-manylinux_2_28_i686.whl", hash = "sha256:bba31a8ba8ec32a04c5a14a5e469df7e1f1b85e169f49f7c2edfdfb78ec5075f", size = 5235782, upload-time = "2026-01-21T01:21:00.676Z" },
    { url = "https://files.pythonhosted.org/packages/5d/ec/df320105d17e118207f01208af1e505d48981856c07fe10b04a8feab39d9/pycapnp-2.2.2-cp313-cp313-manylinux_2_28_ppc64le.whl", hash = "sha256:2decdaeb517120e152f7d9ddede393a830087ac3f1024c5224f2ec58e1735abd", size = 5544647, upload-time = "2026-01-21T01:21:02.812Z" },
    { url = "https://files.pythonhosted.org/packages/03/47/bc3ea9b0d71cc3e0694993a5907ac56aab2c1ad803697be068fff55a0e1b/pycapnp-2.2.2-cp313-cp313-manylinux_2_28_s390x.whl", hash = "sha256:e879127ac9580005efcd51ec9ae903f1dd98954fb4ea88db9cf534e9a4afb379", size = 5596651, upload-time = "2026-01-21T01:21:04.504Z" },
    { url = "https://files.pythonhosted.org/packages/84/82/c500220d4eccca845a06f2f9d0747ad8043f8b893ef5278e2019cbc906cc/pycapnp-2.2.2-cp313-cp313-manylinux_2_28_x86_64.whl", hash = "sha256:7092c2393191221b8ce1c03ddc1343d1ff26d36129a831017d2371867e9c09bb", size = 5393131, upload-time = "2026-01-21T01:21:06.459Z" },
    { url = "https://files.pythonhosted.org/packages/ed/61/be35f0b8d81cf107a9d0329d180f1fd8f5d6d75e117fdf7fcad779443f17/pycapnp-2.2.2-cp313-cp313-musllinux_1_2_aarch64.whl", hash = "sha256:682812bf9ba4a60309b7150763cd5abed9341a31375398f3d2f60fee26143e13", size = 6071761, upload-time = "2026-01-21T01:21:08.238Z" },
    { url = "https://files.pythonhosted.org/packages/54/c0/d09da26ebb1bf0a130650a940b8e32f41219241c8d5f9c0891f15343dd9c/pycapnp-2.2.2-cp313-cp313-musllinux_1_2_i686.whl", hash = "sha256:6f321dbf33767bc2fd77dd66265177284697089f9e45b6dee7fd462b2b5cf918", size = 6369216, upload-time = "2026-01-21T01:21:10.338Z" },
    { url = "https://files.pythonhosted.org/packages/3d/58/a651de950437d8ef9fa91c3cce84ecd068e05011d421a6cf288f930f331c/pycapnp-2.2.2-cp313-cp313-musllinux_1_2_ppc64le.whl", hash = "sha256:1d443d38f1cbeaec5b20b420117885fd5de812c5687e3bc8456d2e2c5cba371e", size = 6488273, upload-time = "2026-01-21T01:21:12.127Z" },
    { url = "https://files.pythonhosted.org/packages/4b/28/254f511272fde9fea1220807d759bcbdb47ecdff64ac860499be9aeddeaa/pycapnp-2.2.2-cp313-cp313-musllinux_1_2_s390x.whl", hash = "sha256:20a31fedb7ef30ec53d5d2d951a7cec8f639c954557093a3ba3d11aba5d174b4", size = 6542078, upload-time = "2026-01-21T01:21:14.581Z" },
    { url = "https://files.pythonhosted.org/packages/f9/b3/eea39216b7b59cefd21e6783e38a4d78db7e58c4f8f1f45e8351057432b7/pycapnp-2.2.2-cp313-cp313-musllinux_1_2_x86_64.whl", hash = "sha256:fbefb388464501899233d0b7d27256edd22c3cebb5a312da5d9f246671e9455e", size = 6333374, upload-time = "2026-01-21T01:21:16.522Z" },
    { url = "https://files.pythonhosted.org/packages/be/08/42ab52a3e7e5381d8fd7ae227ae75f54454f9e339d214ebe92763bb78115/pycapnp-2.2.2-cp313-cp313-win32.whl", hash = "sha256:a25e3b3ef40d430309acc7c024aa62b1ee6b2e7a85b341a8b7a8a6f8e29d4133", size = 1046173, upload-time = "2026-01-21T01:21:18.074Z" },
    { url = "https://files.pythonhosted.org/packages/34/d4/fec2023c4709d3631fe24e09dae2badc23d613f1288b4a6b398302945984/pycapnp-2.2.2-cp313-cp313-win_amd64.whl", hash = "sha256:db65c9ec9d69bac6d19092db43b5e1f3cb2c680810418fd1e02316f7ef157fc1", size = 1184414, upload-time = "2026-01-21T01:21:19.334Z" },
]
